
Microsoft Visual Studio Solution File, Format Version 12.00
Project("{FAE04EC0-301F-11D3-BF4B-00C04F79EFBC}") = "rsb", "rsb\rsb.csproj", "{F33041EA-EA7A-490D-BBCB-561D7237A5BA}"
EndProject
Global
	GlobalSection(SolutionConfigurationPlatforms) = preSolution
		Debug|Any CPU = Debug|Any CPU
		Release|Any CPU = Release|Any CPU
	EndGlobalSection
	GlobalSection(ProjectConfigurationPlatforms) = postSolution
		{F33041EA-EA7A-490D-BBCB-561D7237A5BA}.Debug|Any CPU.ActiveCfg = Debug|Any CPU
		{F33041EA-EA7A-490D-BBCB-561D7237A5BA}.Debug|Any CPU.Build.0 = Debug|Any CPU
		{F33041EA-EA7A-490D-BBCB-561D7237A5BA}.Release|Any CPU.ActiveCfg = Release|Any CPU
		{F33041EA-EA7A-490D-BBCB-561D7237A5BA}.Release|Any CPU.Build.0 = Release|Any CPU
	EndGlobalSection
EndGlobal
